{
  "name": "png2font_api",
  "lockfileVersion": 3,
  "requires": true,
  "packages": {
    "": {
      "dependencies": {
        "@cloudflare/sandbox": "^0.10.3"
      }
    },
    "node_modules/@cloudflare/containers": {
      "version": "0.3.5",
      "resolved": "https://registry.npmjs.org/@cloudflare/containers/-/containers-0.3.5.tgz",
      "integrity": "sha512-P6jYEDkw1Q9qWRr9iFBxe1fozI5HfGMY6XrNg/jROPGZykcYrrzOluUqXv+q4N8gIoRXPCqJJ1FGALbTqnYTkg==",
      "license": "MIT OR Apache-2.0"
    },
    "node_modules/@cloudflare/sandbox": {
      "version": "0.10.3",
      "resolved": "https://registry.npmjs.org/@cloudflare/sandbox/-/sandbox-0.10.3.tgz",
      "integrity": "sha512-UHAbkYpS5iB7WwOIN/+x3JC+mP0NPFcpgCXKoxCycwwfyp46Gq5eX4KffTp7WWFa4ghM04ZDkqmn9r4/959IbA==",
      "license": "Apache-2.0",
      "dependencies": {
        "@cloudflare/containers": "^0.3.0",
        "aws4fetch": "^1.0.20",
        "capnweb": "^0.8.0",
        "hono": "^4.12.18"
      },
      "peerDependencies": {
        "@openai/agents": "^0.3.3",
        "@opencode-ai/sdk": "^1.1.40",
        "@xterm/xterm": ">=5.0.0"
      },
      "peerDependenciesMeta": {
        "@openai/agents": {
          "optional": true
        },
        "@opencode-ai/sdk": {
          "optional": true
        },
        "@xterm/xterm": {
          "optional": true
        }
      }
    },
    "node_modules/aws4fetch": {
      "version": "1.0.20",
      "resolved": "https://registry.npmjs.org/aws4fetch/-/aws4fetch-1.0.20.tgz",
      "integrity": "sha512-/djoAN709iY65ETD6LKCtyyEI04XIBP5xVvfmNxsEP0uJB5tyaGBztSryRr4HqMStr9R06PisQE7m9zDTXKu6g==",
      "license": "MIT"
    },
    "node_modules/capnweb": {
      "version": "0.8.0",
      "resolved": "https://registry.npmjs.org/capnweb/-/capnweb-0.8.0.tgz",
      "integrity": "sha512-BK/TuXUiyfLSKsmjojn70yN7oYG/JJzoURZ3tckjg5Zj2KcygPm0A5jyOlswK7SYB4f0Gh9tt+RZ132b80iLfA==",
      "license": "MIT"
    },
    "node_modules/hono": {
      "version": "4.12.23",
      "resolved": "https://registry.npmjs.org/hono/-/hono-4.12.23.tgz",
      "integrity": "sha512-eIaZ9qDgu7XV0pxOCrg7/WhnQ6Ivm22UcxhXx/A3dcbqbbYgBEkc6e/J/s7j2tS96zoB0S9VBdLwQNCWwUo4LA==",
      "license": "MIT",
      "engines": {
        "node": ">=16.9.0"
      }
    }
  }
}
